Microsoft Visual Studio Solution File, Format Version 12.00
# Visual Studio Version 17
VisualStudioVersion = 17.5.2.0
MinimumVisualStudioVersion = 10.0.40219.1
Project("{FAE04EC0-301F-11D3-BF4B-00C04F79EFBC}") = "imageClassification", "imageClassification.csproj", "{88CB92B3-C5AF-359F-EB43-B0A97F1070AD}"
EndProject
Global
	GlobalSection(SolutionConfigurationPlatforms) = preSolution
		Debug|Any CPU = Debug|Any CPU
		Release|Any CPU = Release|Any CPU
	EndGlobalSection
	GlobalSection(ProjectConfigurationPlatforms) = postSolution
		{88CB92B3-C5AF-359F-EB43-B0A97F1070AD}.Debug|Any CPU.ActiveCfg = Debug|Any CPU
		{88CB92B3-C5AF-359F-EB43-B0A97F1070AD}.Debug|Any CPU.Build.0 = Debug|Any CPU
		{88CB92B3-C5AF-359F-EB43-B0A97F1070AD}.Release|Any CPU.ActiveCfg = Release|Any CPU
		{88CB92B3-C5AF-359F-EB43-B0A97F1070AD}.Release|Any CPU.Build.0 = Release|Any CPU
	EndGlobalSection
	GlobalSection(SolutionProperties) = preSolution
		HideSolutionNode = FALSE
	EndGlobalSection
	GlobalSection(ExtensibilityGlobals) = postSolution
		SolutionGuid = {7DCDEB84-273F-4715-9EEA-0CE2BF3A1A35}
	EndGlobalSection
EndGlobal
